
Microsoft Visual Studio Solution File, Format Version 12.00
# Visual Studio Version 16
VisualStudioVersion = 16.0.33927.289
MinimumVisualStudioVersion = 10.0.40219.1
Project("{2150E333-8FDC-42A3-9474-1A3956D46DE8}") = "CleanArch.Application", "CleanArch.Application", "{29C7386F-C996-4E40-BF23-5485C6F21887}"
EndProject
Project("{2150E333-8FDC-42A3-9474-1A3956D46DE8}") = "CleanArch.Domain", "CleanArch.Domain", "{5768717D-4E7F-4CC8-AB56-E911EB11FC98}"
EndProject
Project("{2150E333-8FDC-42A3-9474-1A3956D46DE8}") = "CleanArch.Infrastructure.IoC", "CleanArch.Infrastructure.IoC", "{A303B289-1460-4355-8033-0AFE9080D6C9}"
EndProject
Project("{2150E333-8FDC-42A3-9474-1A3956D46DE8}") = "CleanArch.Infrastracture.Data", "CleanArch.Infrastracture.Data", "{24410239-9185-4661-9DE6-AE304C6FA311}"
EndProject
Project("{2150E333-8FDC-42A3-9474-1A3956D46DE8}") = "CleanArch.UI.MVC", "CleanArch.UI.MVC", "{851B2A39-3897-4C9F-8526-E70C866EDD0E}"
EndProject
Global
	GlobalSection(SolutionProperties) = preSolution
		HideSolutionNode = FALSE
	EndGlobalSection
	GlobalSection(ExtensibilityGlobals) = postSolution
		SolutionGuid = {DF6479F3-FBCC-4CDB-ABC4-71D23F9EEADC}
	EndGlobalSection
EndGlobal
